<?xml version="1.0" encoding="utf-8"?>
<Project ToolsVersion="4.0" xmlns="http://schemas.microsoft.com/developer/msbuild/2003">
  <ItemGroup>
    <Filter Include="Source Files">
      <UniqueIdentifier>{8846c06c-0e62-47ad-8096-d98c150e2754}</UniqueIdentifier>
      <Extensions>cpp;c;cxx;rc;def;r;odl;idl;hpj;bat</Extensions>
    </Filter>
    <Filter Include="Source Files\Quantizers">
      <UniqueIdentifier>{5301670f-c1d9-49f0-9a86-14a3223eb9ee}</UniqueIdentifier>
    </Filter>
    <Filter Include="Source Files\Conversion">
      <UniqueIdentifier>{6552deaf-525d-4e37-97ad-5f7ae88fce11}</UniqueIdentifier>
    </Filter>
    <Filter Include="Source Files\Plugins">
      <UniqueIdentifier>{0593ef0f-6589-48b4-98b7-1a0a838cad49}</UniqueIdentifier>
    </Filter>
    <Filter Include="Source Files\DeprecationMgr">
      <UniqueIdentifier>{ef911cee-d083-4ee5-9046-8e5816f004df}</UniqueIdentifier>
    </Filter>
    <Filter Include="Source Files\MultiPaging">
      <UniqueIdentifier>{715d9a2d-fcdc-4d0d-acd8-0c7b2b5d82f2}</UniqueIdentifier>
    </Filter>
    <Filter Include="Source Files\Metadata">
      <UniqueIdentifier>{1e0bf844-4487-4809-bff2-ba26e5389b92}</UniqueIdentifier>
    </Filter>
    <Filter Include="Header Files">
      <UniqueIdentifier>{794a0c92-cc14-4e84-9b72-56db0a13e14b}</UniqueIdentifier>
      <Extensions>h;hpp;hxx;hm;inl</Extensions>
    </Filter>
    <Filter Include="Toolkit Files">
      <UniqueIdentifier>{44b80ad3-bdf1-4ab0-89e2-7e765e32e894}</UniqueIdentifier>
    </Filter>
  </ItemGroup>
  <ItemGroup>
    <ClCompile Include="..\FreeImage\BitmapAccess.cpp">
      <Filter>Source Files</Filter>
    </ClCompile>
    <ClCompile Include="..\FreeImage\ColorLookup.cpp">
      <Filter>Source Files</Filter>
    </ClCompile>
    <ClCompile Include="..\FreeImage\FreeImage.cpp">
      <Filter>Source Files</Filter>
    </ClCompile>
    <ClCompile Include="..\FreeImage\FreeImageIO.cpp">
      <Filter>Source Files</Filter>
    </ClCompile>
    <ClCompile Include="..\FreeImage\GetType.cpp">
      <Filter>Source Files</Filter>
    </ClCompile>
    <ClCompile Include="..\FreeImage\MemoryIO.cpp">
      <Filter>Source Files</Filter>
    </ClCompile>
    <ClCompile Include="..\FreeImage\PixelAccess.cpp">
      <Filter>Source Files</Filter>
    </ClCompile>
    <ClCompile Include="..\FreeImage\NNQuantizer.cpp">
      <Filter>Source Files\Quantizers</Filter>
    </ClCompile>
    <ClCompile Include="..\FreeImage\WuQuantizer.cpp">
      <Filter>Source Files\Quantizers</Filter>
    </ClCompile>
    <ClCompile Include="..\FreeImage\Conversion.cpp">
      <Filter>Source Files\Conversion</Filter>
    </ClCompile>
    <ClCompile Include="..\FreeImage\Conversion16_555.cpp">
      <Filter>Source Files\Conversion</Filter>
    </ClCompile>
    <ClCompile Include="..\FreeImage\Conversion16_565.cpp">
      <Filter>Source Files\Conversion</Filter>
    </ClCompile>
    <ClCompile Include="..\FreeImage\Conversion24.cpp">
      <Filter>Source Files\Conversion</Filter>
    </ClCompile>
    <ClCompile Include="..\FreeImage\Conversion32.cpp">
      <Filter>Source Files\Conversion</Filter>
    </ClCompile>
    <ClCompile Include="..\FreeImage\Conversion4.cpp">
      <Filter>Source Files\Conversion</Filter>
    </ClCompile>
    <ClCompile Include="..\FreeImage\Conversion8.cpp">
      <Filter>Source Files\Conversion</Filter>
    </ClCompile>
    <ClCompile Include="..\FreeImage\ConversionFloat.cpp">
      <Filter>Source Files\Conversion</Filter>
    </ClCompile>
    <ClCompile Include="..\FreeImage\ConversionRGB16.cpp">
      <Filter>Source Files\Conversion</Filter>
    </ClCompile>
    <ClCompile Include="..\FreeImage\ConversionRGBF.cpp">
      <Filter>Source Files\Conversion</Filter>
    </ClCompile>
    <ClCompile Include="..\FreeImage\ConversionType.cpp">
      <Filter>Source Files\Conversion</Filter>
    </ClCompile>
    <ClCompile Include="..\FreeImage\ConversionUINT16.cpp">
      <Filter>Source Files\Conversion</Filter>
    </ClCompile>
    <ClCompile Include="..\FreeImage\Halftoning.cpp">
      <Filter>Source Files\Conversion</Filter>
    </ClCompile>
    <ClCompile Include="..\FreeImage\tmoColorConvert.cpp">
      <Filter>Source Files\Conversion</Filter>
    </ClCompile>
    <ClCompile Include="..\FreeImage\tmoDrago03.cpp">
      <Filter>Source Files\Conversion</Filter>
    </ClCompile>
    <ClCompile Include="..\FreeImage\tmoFattal02.cpp">
      <Filter>Source Files\Conversion</Filter>
    </ClCompile>
    <ClCompile Include="..\FreeImage\tmoReinhard05.cpp">
      <Filter>Source Files\Conversion</Filter>
    </ClCompile>
    <ClCompile Include="..\FreeImage\ToneMapping.cpp">
      <Filter>Source Files\Conversion</Filter>
    </ClCompile>
    <ClCompile Include="..\FreeImage\J2KHelper.cpp">
      <Filter>Source Files\Plugins</Filter>
    </ClCompile>
    <ClCompile Include="..\FreeImage\MNGHelper.cpp">
      <Filter>Source Files\Plugins</Filter>
    </ClCompile>
    <ClCompile Include="..\FreeImage\Plugin.cpp">
      <Filter>Source Files\Plugins</Filter>
    </ClCompile>
    <ClCompile Include="..\FreeImage\PluginBMP.cpp">
      <Filter>Source Files\Plugins</Filter>
    </ClCompile>
    <ClCompile Include="..\FreeImage\PluginCUT.cpp">
      <Filter>Source Files\Plugins</Filter>
    </ClCompile>
    <ClCompile Include="..\FreeImage\PluginDDS.cpp">
      <Filter>Source Files\Plugins</Filter>
    </ClCompile>
    <ClCompile Include="..\FreeImage\PluginEXR.cpp">
      <Filter>Source Files\Plugins</Filter>
    </ClCompile>
    <ClCompile Include="..\FreeImage\PluginG3.cpp">
      <Filter>Source Files\Plugins</Filter>
    </ClCompile>
    <ClCompile Include="..\FreeImage\PluginGIF.cpp">
      <Filter>Source Files\Plugins</Filter>
    </ClCompile>
    <ClCompile Include="..\FreeImage\PluginHDR.cpp">
      <Filter>Source Files\Plugins</Filter>
    </ClCompile>
    <ClCompile Include="..\FreeImage\PluginICO.cpp">
      <Filter>Source Files\Plugins</Filter>
    </ClCompile>
    <ClCompile Include="..\FreeImage\PluginIFF.cpp">
      <Filter>Source Files\Plugins</Filter>
    </ClCompile>
    <ClCompile Include="..\FreeImage\PluginJ2K.cpp">
      <Filter>Source Files\Plugins</Filter>
    </ClCompile>
    <ClCompile Include="..\FreeImage\PluginJNG.cpp">
      <Filter>Source Files\Plugins</Filter>
    </ClCompile>
    <ClCompile Include="..\FreeImage\PluginJP2.cpp">
      <Filter>Source Files\Plugins</Filter>
    </ClCompile>
    <ClCompile Include="..\FreeImage\PluginJPEG.cpp">
      <Filter>Source Files\Plugins</Filter>
    </ClCompile>
    <ClCompile Include="..\FreeImage\PluginKOALA.cpp">
      <Filter>Source Files\Plugins</Filter>
    </ClCompile>
    <ClCompile Include="..\FreeImage\PluginMNG.cpp">
      <Filter>Source Files\Plugins</Filter>
    </ClCompile>
    <ClCompile Include="..\FreeImage\PluginPCD.cpp">
      <Filter>Source Files\Plugins</Filter>
    </ClCompile>
    <ClCompile Include="..\FreeImage\PluginPCX.cpp">
      <Filter>Source Files\Plugins</Filter>
    </ClCompile>
    <ClCompile Include="..\FreeImage\PluginPFM.cpp">
      <Filter>Source Files\Plugins</Filter>
    </ClCompile>
    <ClCompile Include="..\FreeImage\PluginPICT.cpp">
      <Filter>Source Files\Plugins</Filter>
    </ClCompile>
    <ClCompile Include="..\FreeImage\PluginPNG.cpp">
      <Filter>Source Files\Plugins</Filter>
    </ClCompile>
    <ClCompile Include="..\FreeImage\PluginPNM.cpp">
      <Filter>Source Files\Plugins</Filter>
    </ClCompile>
    <ClCompile Include="..\FreeImage\PluginPSD.cpp">
      <Filter>Source Files\Plugins</Filter>
    </ClCompile>
    <ClCompile Include="..\FreeImage\PluginRAS.cpp">
      <Filter>Source Files\Plugins</Filter>
    </ClCompile>
    <ClCompile Include="..\FreeImage\PluginRAW.cpp">
      <Filter>Source Files\Plugins</Filter>
    </ClCompile>
    <ClCompile Include="..\FreeImage\PluginSGI.cpp">
      <Filter>Source Files\Plugins</Filter>
    </ClCompile>
    <ClCompile Include="..\FreeImage\PluginTARGA.cpp">
      <Filter>Source Files\Plugins</Filter>
    </ClCompile>
    <ClCompile Include="..\FreeImage\PluginTIFF.cpp">
      <Filter>Source Files\Plugins</Filter>
    </ClCompile>
    <ClCompile Include="..\FreeImage\PluginWBMP.cpp">
      <Filter>Source Files\Plugins</Filter>
    </ClCompile>
    <ClCompile Include="..\FreeImage\PluginXBM.cpp">
      <Filter>Source Files\Plugins</Filter>
    </ClCompile>
    <ClCompile Include="..\FreeImage\PluginXPM.cpp">
      <Filter>Source Files\Plugins</Filter>
    </ClCompile>
    <ClCompile Include="..\FreeImage\PSDParser.cpp">
      <Filter>Source Files\Plugins</Filter>
    </ClCompile>
    <ClCompile Include="..\FreeImage\TIFFLogLuv.cpp">
      <Filter>Source Files\Plugins</Filter>
    </ClCompile>
    <ClCompile Include="..\DeprecationManager\Deprecated.cpp">
      <Filter>Source Files\DeprecationMgr</Filter>
    </ClCompile>
    <ClCompile Include="..\DeprecationManager\DeprecationMgr.cpp">
      <Filter>Source Files\DeprecationMgr</Filter>
    </ClCompile>
    <ClCompile Include="..\FreeImage\CacheFile.cpp">
      <Filter>Source Files\MultiPaging</Filter>
    </ClCompile>
    <ClCompile Include="..\FreeImage\MultiPage.cpp">
      <Filter>Source Files\MultiPaging</Filter>
    </ClCompile>
    <ClCompile Include="..\FreeImage\ZLibInterface.cpp">
      <Filter>Source Files\MultiPaging</Filter>
    </ClCompile>
    <ClCompile Include="..\Metadata\Exif.cpp">
      <Filter>Source Files\Metadata</Filter>
    </ClCompile>
    <ClCompile Include="..\Metadata\FIRational.cpp">
      <Filter>Source Files\Metadata</Filter>
    </ClCompile>
    <ClCompile Include="..\Metadata\FreeImageTag.cpp">
      <Filter>Source Files\Metadata</Filter>
    </ClCompile>
    <ClCompile Include="..\Metadata\IPTC.cpp">
      <Filter>Source Files\Metadata</Filter>
    </ClCompile>
    <ClCompile Include="..\Metadata\TagConversion.cpp">
      <Filter>Source Files\Metadata</Filter>
    </ClCompile>
    <ClCompile Include="..\Metadata\TagLib.cpp">
      <Filter>Source Files\Metadata</Filter>
    </ClCompile>
    <ClCompile Include="..\Metadata\XTIFF.cpp">
      <Filter>Source Files\Metadata</Filter>
    </ClCompile>
    <ClCompile Include="..\FreeImageToolkit\Background.cpp">
      <Filter>Toolkit Files</Filter>
    </ClCompile>
    <ClCompile Include="..\FreeImageToolkit\BSplineRotate.cpp">
      <Filter>Toolkit Files</Filter>
    </ClCompile>
    <ClCompile Include="..\FreeImageToolkit\Channels.cpp">
      <Filter>Toolkit Files</Filter>
    </ClCompile>
    <ClCompile Include="..\FreeImageToolkit\ClassicRotate.cpp">
      <Filter>Toolkit Files</Filter>
    </ClCompile>
    <ClCompile Include="..\FreeImageToolkit\Colors.cpp">
      <Filter>Toolkit Files</Filter>
    </ClCompile>
    <ClCompile Include="..\FreeImageToolkit\CopyPaste.cpp">
      <Filter>Toolkit Files</Filter>
    </ClCompile>
    <ClCompile Include="..\FreeImageToolkit\Display.cpp">
      <Filter>Toolkit Files</Filter>
    </ClCompile>
    <ClCompile Include="..\FreeImageToolkit\Flip.cpp">
      <Filter>Toolkit Files</Filter>
    </ClCompile>
    <ClCompile Include="..\FreeImageToolkit\JPEGTransform.cpp">
      <Filter>Toolkit Files</Filter>
    </ClCompile>
    <ClCompile Include="..\FreeImageToolkit\MultigridPoissonSolver.cpp">
      <Filter>Toolkit Files</Filter>
    </ClCompile>
    <ClCompile Include="..\FreeImageToolkit\Rescale.cpp">
      <Filter>Toolkit Files</Filter>
    </ClCompile>
    <ClCompile Include="..\FreeImageToolkit\Resize.cpp">
      <Filter>Toolkit Files</Filter>
    </ClCompile>
  </ItemGroup>
  <ItemGroup>
    <ClInclude Include="..\CacheFile.h">
      <Filter>Header Files</Filter>
    </ClInclude>
    <ClInclude Include="..\DeprecationManager\DeprecationMgr.h">
      <Filter>Header Files</Filter>
    </ClInclude>
    <ClInclude Include="..\Metadata\FIRational.h">
      <Filter>Header Files</Filter>
    </ClInclude>
    <ClInclude Include="..\FreeImage.h">
      <Filter>Header Files</Filter>
    </ClInclude>
    <ClInclude Include="..\FreeImageIO.h">
      <Filter>Header Files</Filter>
    </ClInclude>
    <ClInclude Include="..\Metadata\FreeImageTag.h">
      <Filter>Header Files</Filter>
    </ClInclude>
    <ClInclude Include="..\Plugin.h">
      <Filter>Header Files</Filter>
    </ClInclude>
    <ClInclude Include="..\FreeImage\PSDParser.h">
      <Filter>Header Files</Filter>
    </ClInclude>
    <ClInclude Include="..\Quantizers.h">
      <Filter>Header Files</Filter>
    </ClInclude>
    <ClInclude Include="..\ToneMapping.h">
      <Filter>Header Files</Filter>
    </ClInclude>
    <ClInclude Include="..\Utilities.h">
      <Filter>Header Files</Filter>
    </ClInclude>
    <ClInclude Include="..\FreeImageToolkit\Resize.h">
      <Filter>Toolkit Files</Filter>
    </ClInclude>
  </ItemGroup>
  <ItemGroup>
    <Text Include="..\..\Whatsnew.txt" />
  </ItemGroup>
</Project>