<?xml version="1.0" encoding="utf-8"?>
<Project ToolsVersion="4.0" xmlns="http://schemas.microsoft.com/developer/msbuild/2003">
  <ItemGroup>
    <Filter Include="Source Files">
      <UniqueIdentifier>{54e4cb47-6e38-4279-82b6-c13a221c45ae}</UniqueIdentifier>
      <Extensions>cpp;c;cxx;rc;def;r;odl;idl;hpj;bat</Extensions>
    </Filter>
    <Filter Include="Public Header Files">
      <UniqueIdentifier>{a56c5eab-c4c1-4be3-a620-fccabcda1ce6}</UniqueIdentifier>
      <Extensions>h;hpp;hxx;hm;inl</Extensions>
    </Filter>
    <Filter Include="Private Header Files">
      <UniqueIdentifier>{b3cfa93e-e87a-42fb-8c5a-9e61fb31fada}</UniqueIdentifier>
    </Filter>
    <Filter Include="Resource Files">
      <UniqueIdentifier>{853d69dd-e10c-4e23-8dcc-b9d8e1a1e3e6}</UniqueIdentifier>
    </Filter>
  </ItemGroup>
  <ItemGroup>
    <ResourceCompile Include="AntTweakBar.rc">
      <Filter>Source Files</Filter>
    </ResourceCompile>
  </ItemGroup>
  <ItemGroup>
    <ClCompile Include="LoadOGL.cpp">
      <Filter>Source Files</Filter>
    </ClCompile>
    <ClCompile Include="LoadOGLCore.cpp">
      <Filter>Source Files</Filter>
    </ClCompile>
    <ClCompile Include="TwBar.cpp">
      <Filter>Source Files</Filter>
    </ClCompile>
    <ClCompile Include="TwColors.cpp">
      <Filter>Source Files</Filter>
    </ClCompile>
    <ClCompile Include="TwDirect3D10.cpp">
      <Filter>Source Files</Filter>
    </ClCompile>
    <ClCompile Include="TwDirect3D11.cpp">
      <Filter>Source Files</Filter>
    </ClCompile>
    <ClCompile Include="TwDirect3D9.cpp">
      <Filter>Source Files</Filter>
    </ClCompile>
    <ClCompile Include="TwEventGLFW.c">
      <Filter>Source Files</Filter>
    </ClCompile>
    <ClCompile Include="TwEventGLUT.c">
      <Filter>Source Files</Filter>
    </ClCompile>
    <ClCompile Include="TwEventSDL.c">
      <Filter>Source Files</Filter>
    </ClCompile>
    <ClCompile Include="TwEventSDL12.c">
      <Filter>Source Files</Filter>
    </ClCompile>
    <ClCompile Include="TwEventSDL13.c">
      <Filter>Source Files</Filter>
    </ClCompile>
    <ClCompile Include="TwEventSFML.cpp">
      <Filter>Source Files</Filter>
    </ClCompile>
    <ClCompile Include="TwEventWin.c">
      <Filter>Source Files</Filter>
    </ClCompile>
    <ClCompile Include="TwFonts.cpp">
      <Filter>Source Files</Filter>
    </ClCompile>
    <ClCompile Include="TwMgr.cpp">
      <Filter>Source Files</Filter>
    </ClCompile>
    <ClCompile Include="TwOpenGL.cpp">
      <Filter>Source Files</Filter>
    </ClCompile>
    <ClCompile Include="TwOpenGLCore.cpp">
      <Filter>Source Files</Filter>
    </ClCompile>
    <ClCompile Include="TwPrecomp.cpp">
      <Filter>Source Files</Filter>
    </ClCompile>
  </ItemGroup>
  <ItemGroup>
    <None Include="TwDirect3D11.hlsl">
      <Filter>Source Files</Filter>
    </None>
    <None Include="res\cur00000.cur">
      <Filter>Resource Files</Filter>
    </None>
    <None Include="res\cur00001.cur">
      <Filter>Resource Files</Filter>
    </None>
    <None Include="res\cur00002.cur">
      <Filter>Resource Files</Filter>
    </None>
    <None Include="res\cur00003.cur">
      <Filter>Resource Files</Filter>
    </None>
    <None Include="res\cur00004.cur">
      <Filter>Resource Files</Filter>
    </None>
    <None Include="res\cur00005.cur">
      <Filter>Resource Files</Filter>
    </None>
    <None Include="res\cur00006.cur">
      <Filter>Resource Files</Filter>
    </None>
    <None Include="res\cur00007.cur">
      <Filter>Resource Files</Filter>
    </None>
    <None Include="res\cur00008.cur">
      <Filter>Resource Files</Filter>
    </None>
    <None Include="res\cur00009.cur">
      <Filter>Resource Files</Filter>
    </None>
    <None Include="res\cur00010.cur">
      <Filter>Resource Files</Filter>
    </None>
    <None Include="res\cur00011.cur">
      <Filter>Resource Files</Filter>
    </None>
    <None Include="res\cur00012.cur">
      <Filter>Resource Files</Filter>
    </None>
    <None Include="res\cur00013.cur">
      <Filter>Resource Files</Filter>
    </None>
    <None Include="res\FontChars.txt">
      <Filter>Resource Files</Filter>
    </None>
    <None Include="res\FontLargeAA.pgm">
      <Filter>Resource Files</Filter>
    </None>
    <None Include="res\FontNormal.pgm">
      <Filter>Resource Files</Filter>
    </None>
    <None Include="FontSmall.pgm">
      <Filter>Resource Files</Filter>
    </None>
  </ItemGroup>
  <ItemGroup>
    <ClInclude Include="..\include\AntTweakBar.h">
      <Filter>Public Header Files</Filter>
    </ClInclude>
    <ClInclude Include="AntPerfTimer.h">
      <Filter>Private Header Files</Filter>
    </ClInclude>
    <ClInclude Include="LoadOGL.h">
      <Filter>Private Header Files</Filter>
    </ClInclude>
    <ClInclude Include="LoadOGLCore.h">
      <Filter>Private Header Files</Filter>
    </ClInclude>
    <ClInclude Include="MiniGLFW.h">
      <Filter>Private Header Files</Filter>
    </ClInclude>
    <ClInclude Include="MiniGLUT.h">
      <Filter>Private Header Files</Filter>
    </ClInclude>
    <ClInclude Include="MiniSDL12.h">
      <Filter>Private Header Files</Filter>
    </ClInclude>
    <ClInclude Include="MiniSDL13.h">
      <Filter>Private Header Files</Filter>
    </ClInclude>
    <ClInclude Include="MiniSFML16.h">
      <Filter>Private Header Files</Filter>
    </ClInclude>
    <ClInclude Include="resource.h">
      <Filter>Private Header Files</Filter>
    </ClInclude>
    <ClInclude Include="TwBar.h">
      <Filter>Private Header Files</Filter>
    </ClInclude>
    <ClInclude Include="TwColors.h">
      <Filter>Private Header Files</Filter>
    </ClInclude>
    <ClInclude Include="TwDirect3D10.h">
      <Filter>Private Header Files</Filter>
    </ClInclude>
    <ClInclude Include="TwDirect3D11.h">
      <Filter>Private Header Files</Filter>
    </ClInclude>
    <ClInclude Include="TwDirect3D9.h">
      <Filter>Private Header Files</Filter>
    </ClInclude>
    <ClInclude Include="TwFonts.h">
      <Filter>Private Header Files</Filter>
    </ClInclude>
    <ClInclude Include="TwGraph.h">
      <Filter>Private Header Files</Filter>
    </ClInclude>
    <ClInclude Include="TwMgr.h">
      <Filter>Private Header Files</Filter>
    </ClInclude>
    <ClInclude Include="TwOpenGL.h">
      <Filter>Private Header Files</Filter>
    </ClInclude>
    <ClInclude Include="TwOpenGLCore.h">
      <Filter>Private Header Files</Filter>
    </ClInclude>
    <ClInclude Include="TwPrecomp.h">
      <Filter>Private Header Files</Filter>
    </ClInclude>
    <ClInclude Include="res\TwXCursors.h">
      <Filter>Private Header Files</Filter>
    </ClInclude>
  </ItemGroup>
</Project>