Microsoft Visual Studio Solution File, Format Version 12.00
# Visual Studio 14
VisualStudioVersion = 14.0.24720.0
MinimumVisualStudioVersion = 10.0.40219.1
Project("{8BC9CEB8-8B4A-11D0-8D11-00A0C91BC942}") = "IBLBaker", "IBLBaker.vcxproj", "{36868153-A7EE-4364-94DC-B7974B36DC81}"
	ProjectSection(ProjectDependencies) = postProject
		{B1BED1B2-D81C-4660-AF94-D9539FA4DC88} = {B1BED1B2-D81C-4660-AF94-D9539FA4DC88}
	EndProjectSection
EndProject
Project("{8BC9CEB8-8B4A-11D0-8D11-00A0C91BC942}") = "critter", "critter\critter.vcxproj", "{B1BED1B2-D81C-4660-AF94-D9539FA4DC88}"
EndProject
Global
	GlobalSection(SolutionConfigurationPlatforms) = preSolution
		Debug|Mixed Platforms = Debug|Mixed Platforms
		Debug|x64 = Debug|x64
		Release|Mixed Platforms = Release|Mixed Platforms
		Release|x64 = Release|x64
	EndGlobalSection
	GlobalSection(ProjectConfigurationPlatforms) = postSolution
		{36868153-A7EE-4364-94DC-B7974B36DC81}.Debug|Mixed Platforms.ActiveCfg = Debug|x64
		{36868153-A7EE-4364-94DC-B7974B36DC81}.Debug|Mixed Platforms.Build.0 = Debug|x64
		{36868153-A7EE-4364-94DC-B7974B36DC81}.Debug|x64.ActiveCfg = Debug|x64
		{36868153-A7EE-4364-94DC-B7974B36DC81}.Debug|x64.Build.0 = Debug|x64
		{36868153-A7EE-4364-94DC-B7974B36DC81}.Release|Mixed Platforms.ActiveCfg = Release|x64
		{36868153-A7EE-4364-94DC-B7974B36DC81}.Release|Mixed Platforms.Build.0 = Release|x64
		{36868153-A7EE-4364-94DC-B7974B36DC81}.Release|x64.ActiveCfg = Release|x64
		{36868153-A7EE-4364-94DC-B7974B36DC81}.Release|x64.Build.0 = Release|x64
		{B1BED1B2-D81C-4660-AF94-D9539FA4DC88}.Debug|Mixed Platforms.ActiveCfg = Debug|x64
		{B1BED1B2-D81C-4660-AF94-D9539FA4DC88}.Debug|Mixed Platforms.Build.0 = Debug|x64
		{B1BED1B2-D81C-4660-AF94-D9539FA4DC88}.Debug|x64.ActiveCfg = Debug|x64
		{B1BED1B2-D81C-4660-AF94-D9539FA4DC88}.Debug|x64.Build.0 = Debug|x64
		{B1BED1B2-D81C-4660-AF94-D9539FA4DC88}.Release|Mixed Platforms.ActiveCfg = Release|x64
		{B1BED1B2-D81C-4660-AF94-D9539FA4DC88}.Release|Mixed Platforms.Build.0 = Release|x64
		{B1BED1B2-D81C-4660-AF94-D9539FA4DC88}.Release|x64.ActiveCfg = Release|x64
		{B1BED1B2-D81C-4660-AF94-D9539FA4DC88}.Release|x64.Build.0 = Release|x64
	EndGlobalSection
	GlobalSection(SolutionProperties) = preSolution
		HideSolutionNode = FALSE
	EndGlobalSection
EndGlobal
