<?xml version="1.0" encoding="utf-8"?>
<Project ToolsVersion="4.0" xmlns="http://schemas.microsoft.com/developer/msbuild/2003">
  <ItemGroup>
    <Filter Include="application">
      <UniqueIdentifier>{8c1cfbe4-81ff-4c8b-b781-ee000c911fba}</UniqueIdentifier>
    </Filter>
  </ItemGroup>
  <ItemGroup>
    <ClCompile Include="main.cpp">
      <Filter>application</Filter>
    </ClCompile>
    <ClCompile Include="IblApplication.cpp" />
    <ClCompile Include="IblApplicationHUD.cpp" />
  </ItemGroup>
  <ItemGroup>
    <ClInclude Include="resources\resource.h" />
    <ClInclude Include="IblApplication.h" />
    <ClInclude Include="IblApplicationHUD.h" />
  </ItemGroup>
  <ItemGroup>
    <None Include="resources\small.ico" />
    <None Include="resources\windowIcon.ico" />
    <None Include="..\LICENSE" />
    <None Include="..\README.md" />
  </ItemGroup>
  <ItemGroup>
    <Resource Include="resources\IBLBaker.res" />
  </ItemGroup>
  <ItemGroup>
    <ResourceCompile Include="resources\IBLBaker.rc" />
  </ItemGroup>
</Project>