<?xml version="1.0" encoding="utf-8"?>
<Project ToolsVersion="4.0" xmlns="http://schemas.microsoft.com/developer/msbuild/2003">
  <ItemGroup>
    <Filter Include="application">
      <UniqueIdentifier>{8c1cfbe4-81ff-4c8b-b781-ee000c911fba}</UniqueIdentifier>
    </Filter>
    <Filter Include="pugixml">
      <UniqueIdentifier>{3433e5d5-6d70-4fc1-9eba-8bca1eaf1a43}</UniqueIdentifier>
    </Filter>
    <Filter Include="input">
      <UniqueIdentifier>{cc232374-5e1b-41d2-bf85-64fedce8024b}</UniqueIdentifier>
    </Filter>
    <Filter Include="math">
      <UniqueIdentifier>{bf8203d3-6cb2-41b2-9764-7b059a231def}</UniqueIdentifier>
    </Filter>
    <Filter Include="nodes">
      <UniqueIdentifier>{1635d911-5556-440e-86a8-3f78ad28e4af}</UniqueIdentifier>
    </Filter>
    <Filter Include="rendererD3D11">
      <UniqueIdentifier>{9797fd7d-b0c6-429f-9b74-b0cd1cc426f0}</UniqueIdentifier>
    </Filter>
    <Filter Include="rendererD3D11\D3D11Effects">
      <UniqueIdentifier>{52a5e6cf-3708-4c45-8190-970511e487a6}</UniqueIdentifier>
    </Filter>
    <Filter Include="rendererD3D11\D3D11Effects\Inc">
      <UniqueIdentifier>{3ebb9a86-6864-4bf6-a093-b4bf02cc7009}</UniqueIdentifier>
    </Filter>
    <Filter Include="rendererD3D11\D3D11Effects\Binary">
      <UniqueIdentifier>{8add02a3-a104-4b46-b00f-a54c3dd3bdd9}</UniqueIdentifier>
    </Filter>
    <Filter Include="ui">
      <UniqueIdentifier>{4ec3db26-2c81-462d-95d7-87dea3210703}</UniqueIdentifier>
    </Filter>
    <Filter Include="codecs">
      <UniqueIdentifier>{ffd3da9a-136b-42ef-9f14-aa8f22a678db}</UniqueIdentifier>
    </Filter>
    <Filter Include="render api">
      <UniqueIdentifier>{2eb546eb-eb21-4f09-8a19-dee7b702ded9}</UniqueIdentifier>
    </Filter>
    <Filter Include="murmerhash">
      <UniqueIdentifier>{b493e65d-f43d-4622-ac8d-332ade2c4827}</UniqueIdentifier>
    </Filter>
    <Filter Include="D3D11 Shaders">
      <UniqueIdentifier>{5ff6d686-b098-450b-94da-ca8cef0cfcd8}</UniqueIdentifier>
    </Filter>
    <Filter Include="rendererGL">
      <UniqueIdentifier>{2b326503-2e7f-4107-a158-7856d97cc956}</UniqueIdentifier>
    </Filter>
    <Filter Include="tiny_obj_loader">
      <UniqueIdentifier>{66d906d4-ae67-40ae-a4ee-a3a3a8824d06}</UniqueIdentifier>
    </Filter>
  </ItemGroup>
  <ItemGroup>
    <ClCompile Include="rendererD3D11\effectsD3D11\d3dx11dbg.cpp">
      <Filter>rendererD3D11\D3D11Effects</Filter>
    </ClCompile>
    <ClCompile Include="rendererD3D11\effectsD3D11\d3dxGlobal.cpp">
      <Filter>rendererD3D11\D3D11Effects</Filter>
    </ClCompile>
    <ClCompile Include="rendererD3D11\effectsD3D11\EffectAPI.cpp">
      <Filter>rendererD3D11\D3D11Effects</Filter>
    </ClCompile>
    <ClCompile Include="rendererD3D11\effectsD3D11\EffectLoad.cpp">
      <Filter>rendererD3D11\D3D11Effects</Filter>
    </ClCompile>
    <ClCompile Include="rendererD3D11\effectsD3D11\EffectNonRuntime.cpp">
      <Filter>rendererD3D11\D3D11Effects</Filter>
    </ClCompile>
    <ClCompile Include="rendererD3D11\effectsD3D11\EffectReflection.cpp">
      <Filter>rendererD3D11\D3D11Effects</Filter>
    </ClCompile>
    <ClCompile Include="rendererD3D11\effectsD3D11\EffectRuntime.cpp">
      <Filter>rendererD3D11\D3D11Effects</Filter>
    </ClCompile>
    <ClCompile Include="dependencies\pugixml\src\pugixml.cpp">
      <Filter>pugixml</Filter>
    </ClCompile>
    <ClCompile Include="dependencies\pugixml\src\pugixpath.cpp">
      <Filter>pugixml</Filter>
    </ClCompile>
    <ClCompile Include="main.cpp">
      <Filter>application</Filter>
    </ClCompile>
    <ClCompile Include="dependencies\MurmerHash\MurmurHash.cpp">
      <Filter>murmerhash</Filter>
    </ClCompile>
    <ClCompile Include="application\IblApplication.cpp">
      <Filter>application</Filter>
    </ClCompile>
    <ClCompile Include="application\IblApplicationHUD.cpp">
      <Filter>application</Filter>
    </ClCompile>
    <ClCompile Include="application\IblHash.cpp">
      <Filter>application</Filter>
    </ClCompile>
    <ClCompile Include="application\IblLog.cpp">
      <Filter>application</Filter>
    </ClCompile>
    <ClCompile Include="application\IblTimer.cpp">
      <Filter>application</Filter>
    </ClCompile>
    <ClCompile Include="application\IblTitles.cpp">
      <Filter>application</Filter>
    </ClCompile>
    <ClCompile Include="application\IblWindow.cpp">
      <Filter>application</Filter>
    </ClCompile>
    <ClCompile Include="codecs\IblCodec.cpp">
      <Filter>codecs</Filter>
    </ClCompile>
    <ClCompile Include="codecs\IblColorValue.cpp">
      <Filter>codecs</Filter>
    </ClCompile>
    <ClCompile Include="codecs\IblDataStream.cpp">
      <Filter>codecs</Filter>
    </ClCompile>
    <ClCompile Include="codecs\IblDDSCodec.cpp">
      <Filter>codecs</Filter>
    </ClCompile>
    <ClCompile Include="codecs\IblFreeImageCodec.cpp">
      <Filter>codecs</Filter>
    </ClCompile>
    <ClCompile Include="codecs\IblPixelFormat.cpp">
      <Filter>codecs</Filter>
    </ClCompile>
    <ClCompile Include="codecs\IblStringUtilities.cpp">
      <Filter>codecs</Filter>
    </ClCompile>
    <ClCompile Include="codecs\IblTextureImage.cpp">
      <Filter>codecs</Filter>
    </ClCompile>
    <ClCompile Include="input\IblCameraManager.cpp">
      <Filter>input</Filter>
    </ClCompile>
    <ClCompile Include="input\IblDampenedInput.cpp">
      <Filter>input</Filter>
    </ClCompile>
    <ClCompile Include="input\IblFocusedInput.cpp">
      <Filter>input</Filter>
    </ClCompile>
    <ClCompile Include="input\IblFocusedMovement.cpp">
      <Filter>input</Filter>
    </ClCompile>
    <ClCompile Include="input\IblInput.cpp">
      <Filter>input</Filter>
    </ClCompile>
    <ClCompile Include="input\IblInputManager.cpp">
      <Filter>input</Filter>
    </ClCompile>
    <ClCompile Include="input\IblInputState.cpp">
      <Filter>input</Filter>
    </ClCompile>
    <ClCompile Include="input\IblX360Controller.cpp">
      <Filter>input</Filter>
    </ClCompile>
    <ClCompile Include="nodes\IblCamera.cpp">
      <Filter>nodes</Filter>
    </ClCompile>
    <ClCompile Include="nodes\IblEntity.cpp">
      <Filter>nodes</Filter>
    </ClCompile>
    <ClCompile Include="nodes\IblIndexedMesh.cpp">
      <Filter>nodes</Filter>
    </ClCompile>
    <ClCompile Include="nodes\IblMesh.cpp">
      <Filter>nodes</Filter>
    </ClCompile>
    <ClCompile Include="nodes\IblNode.cpp">
      <Filter>nodes</Filter>
    </ClCompile>
    <ClCompile Include="nodes\IblProjectionProperty.cpp">
      <Filter>nodes</Filter>
    </ClCompile>
    <ClCompile Include="nodes\IblProperty.cpp">
      <Filter>nodes</Filter>
    </ClCompile>
    <ClCompile Include="nodes\IblRenderNode.cpp">
      <Filter>nodes</Filter>
    </ClCompile>
    <ClCompile Include="nodes\IblRenderTargetQuad.cpp">
      <Filter>nodes</Filter>
    </ClCompile>
    <ClCompile Include="nodes\IblRenderTextureProperty.cpp">
      <Filter>nodes</Filter>
    </ClCompile>
    <ClCompile Include="nodes\IblScene.cpp">
      <Filter>nodes</Filter>
    </ClCompile>
    <ClCompile Include="nodes\IblStreamedMesh.cpp">
      <Filter>nodes</Filter>
    </ClCompile>
    <ClCompile Include="nodes\IblTransformNode.cpp">
      <Filter>nodes</Filter>
    </ClCompile>
    <ClCompile Include="nodes\IblTransformProperty.cpp">
      <Filter>nodes</Filter>
    </ClCompile>
    <ClCompile Include="nodes\IblViewportProperty.cpp">
      <Filter>nodes</Filter>
    </ClCompile>
    <ClCompile Include="nodes\IblViewProperty.cpp">
      <Filter>nodes</Filter>
    </ClCompile>
    <ClCompile Include="renderAPI\IblAssetManager.cpp">
      <Filter>render api</Filter>
    </ClCompile>
    <ClCompile Include="renderAPI\IblColorPass.cpp">
      <Filter>render api</Filter>
    </ClCompile>
    <ClCompile Include="renderAPI\IblColorResolve.cpp">
      <Filter>render api</Filter>
    </ClCompile>
    <ClCompile Include="renderAPI\IblDepthResolve.cpp">
      <Filter>render api</Filter>
    </ClCompile>
    <ClCompile Include="renderAPI\IblFileChangeWatcher.cpp">
      <Filter>render api</Filter>
    </ClCompile>
    <ClCompile Include="renderAPI\IblFilterCubemap.cpp">
      <Filter>render api</Filter>
    </ClCompile>
    <ClCompile Include="renderAPI\IblFrameBuffer.cpp">
      <Filter>render api</Filter>
    </ClCompile>
    <ClCompile Include="renderAPI\IblGpuConstantBuffer.cpp">
      <Filter>render api</Filter>
    </ClCompile>
    <ClCompile Include="renderAPI\IblGpuTechnique.cpp">
      <Filter>render api</Filter>
    </ClCompile>
    <ClCompile Include="renderAPI\IblGpuVariable.cpp">
      <Filter>render api</Filter>
    </ClCompile>
    <ClCompile Include="renderAPI\IblHDRPresentationPolicy.cpp">
      <Filter>render api</Filter>
    </ClCompile>
    <ClCompile Include="renderAPI\IblIBLProbe.cpp">
      <Filter>render api</Filter>
    </ClCompile>
    <ClCompile Include="renderAPI\IblIBLRenderPass.cpp">
      <Filter>render api</Filter>
    </ClCompile>
    <ClCompile Include="renderAPI\IblIComputeShader.cpp">
      <Filter>render api</Filter>
    </ClCompile>
    <ClCompile Include="renderAPI\IblIDepthSurface.cpp">
      <Filter>render api</Filter>
    </ClCompile>
    <ClCompile Include="renderAPI\IblIDevice.cpp">
      <Filter>render api</Filter>
    </ClCompile>
    <ClCompile Include="renderAPI\IblIEffect.cpp">
      <Filter>render api</Filter>
    </ClCompile>
    <ClCompile Include="renderAPI\IblIGpuBuffer.cpp">
      <Filter>render api</Filter>
    </ClCompile>
    <ClCompile Include="renderAPI\IblIIndexBuffer.cpp">
      <Filter>render api</Filter>
    </ClCompile>
    <ClCompile Include="renderAPI\IblIRenderResource.cpp">
      <Filter>render api</Filter>
    </ClCompile>
    <ClCompile Include="renderAPI\IblIRenderResourceParameters.cpp">
      <Filter>render api</Filter>
    </ClCompile>
    <ClCompile Include="renderAPI\IblIShader.cpp">
      <Filter>render api</Filter>
    </ClCompile>
    <ClCompile Include="renderAPI\IblISurface.cpp">
      <Filter>render api</Filter>
    </ClCompile>
    <ClCompile Include="renderAPI\IblITexture.cpp">
      <Filter>render api</Filter>
    </ClCompile>
    <ClCompile Include="renderAPI\IblIVertexBuffer.cpp">
      <Filter>render api</Filter>
    </ClCompile>
    <ClCompile Include="renderAPI\IblIVertexDeclaration.cpp">
      <Filter>render api</Filter>
    </ClCompile>
    <ClCompile Include="renderAPI\IblMaterial.cpp">
      <Filter>render api</Filter>
    </ClCompile>
    <ClCompile Include="renderAPI\IblPostEffect.cpp">
      <Filter>render api</Filter>
    </ClCompile>
    <ClCompile Include="renderAPI\IblPostEffectsMgr.cpp">
      <Filter>render api</Filter>
    </ClCompile>
    <ClCompile Include="renderAPI\IblPresentationPolicy.cpp">
      <Filter>render api</Filter>
    </ClCompile>
    <ClCompile Include="renderAPI\IblRenderPass.cpp">
      <Filter>render api</Filter>
    </ClCompile>
    <ClCompile Include="renderAPI\IblRenderRequest.cpp">
      <Filter>render api</Filter>
    </ClCompile>
    <ClCompile Include="renderAPI\IblScreenOrientedQuad.cpp">
      <Filter>render api</Filter>
    </ClCompile>
    <ClCompile Include="renderAPI\IblShaderMgr.cpp">
      <Filter>render api</Filter>
    </ClCompile>
    <ClCompile Include="renderAPI\IblShaderParameterValue.cpp">
      <Filter>render api</Filter>
    </ClCompile>
    <ClCompile Include="renderAPI\IblShaderParameterValueFactory.cpp">
      <Filter>render api</Filter>
    </ClCompile>
    <ClCompile Include="renderAPI\IblTextureMgr.cpp">
      <Filter>render api</Filter>
    </ClCompile>
    <ClCompile Include="renderAPI\IblVertexDeclarationMgr.cpp">
      <Filter>render api</Filter>
    </ClCompile>
    <ClCompile Include="renderAPI\IblVertexElement.cpp">
      <Filter>render api</Filter>
    </ClCompile>
    <ClCompile Include="renderAPI\IblVertexStream.cpp">
      <Filter>render api</Filter>
    </ClCompile>
    <ClCompile Include="renderAPI\IblViewport.cpp">
      <Filter>render api</Filter>
    </ClCompile>
    <ClCompile Include="rendererD3D11\IblBackbufferSurfaceD3D11.cpp">
      <Filter>rendererD3D11</Filter>
    </ClCompile>
    <ClCompile Include="rendererD3D11\IblBufferD3D11.cpp">
      <Filter>rendererD3D11</Filter>
    </ClCompile>
    <ClCompile Include="rendererD3D11\IblComputeShaderD3D11.cpp">
      <Filter>rendererD3D11</Filter>
    </ClCompile>
    <ClCompile Include="rendererD3D11\IblDepthSurfaceD3D11.cpp">
      <Filter>rendererD3D11</Filter>
    </ClCompile>
    <ClCompile Include="rendererD3D11\IblEffectD3D11.cpp">
      <Filter>rendererD3D11</Filter>
    </ClCompile>
    <ClCompile Include="rendererD3D11\IblFormatConversionD3D11.cpp">
      <Filter>rendererD3D11</Filter>
    </ClCompile>
    <ClCompile Include="rendererD3D11\IblGpuConstantBufferD3D11.cpp">
      <Filter>rendererD3D11</Filter>
    </ClCompile>
    <ClCompile Include="rendererD3D11\IblGpuTechniqueD3D11.cpp">
      <Filter>rendererD3D11</Filter>
    </ClCompile>
    <ClCompile Include="rendererD3D11\IblGpuVariableD3D11.cpp">
      <Filter>rendererD3D11</Filter>
    </ClCompile>
    <ClCompile Include="rendererD3D11\IblIndexBufferD3D11.cpp">
      <Filter>rendererD3D11</Filter>
    </ClCompile>
    <ClCompile Include="rendererD3D11\IblInputLayoutCacheD3D11.cpp">
      <Filter>rendererD3D11</Filter>
    </ClCompile>
    <ClCompile Include="rendererD3D11\IblRenderDeviceD3D11.cpp">
      <Filter>rendererD3D11</Filter>
    </ClCompile>
    <ClCompile Include="rendererD3D11\IblRenderTargetTextureD3D11.cpp">
      <Filter>rendererD3D11</Filter>
    </ClCompile>
    <ClCompile Include="rendererD3D11\IblRenderWindow.cpp">
      <Filter>rendererD3D11</Filter>
    </ClCompile>
    <ClCompile Include="rendererD3D11\IblRenderWindowD3D11.cpp">
      <Filter>rendererD3D11</Filter>
    </ClCompile>
    <ClCompile Include="rendererD3D11\IblShaderD3D11.cpp">
      <Filter>rendererD3D11</Filter>
    </ClCompile>
    <ClCompile Include="rendererD3D11\IblSurfaceD3D11.cpp">
      <Filter>rendererD3D11</Filter>
    </ClCompile>
    <ClCompile Include="rendererD3D11\IblTexture2DD3D11.cpp">
      <Filter>rendererD3D11</Filter>
    </ClCompile>
    <ClCompile Include="rendererD3D11\IblTextureD3D11.cpp">
      <Filter>rendererD3D11</Filter>
    </ClCompile>
    <ClCompile Include="rendererD3D11\IblVertexBufferD3D11.cpp">
      <Filter>rendererD3D11</Filter>
    </ClCompile>
    <ClCompile Include="rendererD3D11\IblVertexDeclarationD3D11.cpp">
      <Filter>rendererD3D11</Filter>
    </ClCompile>
    <ClCompile Include="ui\IblButton.cpp">
      <Filter>ui</Filter>
    </ClCompile>
    <ClCompile Include="ui\IblCheckBox.cpp">
      <Filter>ui</Filter>
    </ClCompile>
    <ClCompile Include="ui\IblComboBox.cpp">
      <Filter>ui</Filter>
    </ClCompile>
    <ClCompile Include="ui\IblControl.cpp">
      <Filter>ui</Filter>
    </ClCompile>
    <ClCompile Include="ui\IblDialogBase.cpp">
      <Filter>ui</Filter>
    </ClCompile>
    <ClCompile Include="ui\IblDialogResourceManager.cpp">
      <Filter>ui</Filter>
    </ClCompile>
    <ClCompile Include="ui\IblDynamicRenderer.cpp">
      <Filter>ui</Filter>
    </ClCompile>
    <ClCompile Include="ui\IblEditBox.cpp">
      <Filter>ui</Filter>
    </ClCompile>
    <ClCompile Include="ui\IblFont.cpp">
      <Filter>ui</Filter>
    </ClCompile>
    <ClCompile Include="ui\IblFontMgr.cpp">
      <Filter>ui</Filter>
    </ClCompile>
    <ClCompile Include="ui\IblImageWidget.cpp">
      <Filter>ui</Filter>
    </ClCompile>
    <ClCompile Include="ui\IblListBox.cpp">
      <Filter>ui</Filter>
    </ClCompile>
    <ClCompile Include="ui\IblRadioButton.cpp">
      <Filter>ui</Filter>
    </ClCompile>
    <ClCompile Include="ui\IblRenderHUD.cpp">
      <Filter>ui</Filter>
    </ClCompile>
    <ClCompile Include="ui\IblScrollBar.cpp">
      <Filter>ui</Filter>
    </ClCompile>
    <ClCompile Include="ui\IblSlider.cpp">
      <Filter>ui</Filter>
    </ClCompile>
    <ClCompile Include="ui\IblSprite.cpp">
      <Filter>ui</Filter>
    </ClCompile>
    <ClCompile Include="ui\IblStatic.cpp">
      <Filter>ui</Filter>
    </ClCompile>
    <ClCompile Include="ui\IblWidgetDialog.cpp">
      <Filter>ui</Filter>
    </ClCompile>
    <ClCompile Include="ui\IblWidgetTypes.cpp">
      <Filter>ui</Filter>
    </ClCompile>
    <ClCompile Include="ui\IblWidgetUIElement.cpp">
      <Filter>ui</Filter>
    </ClCompile>
    <ClCompile Include="nodes\IblBrdf.cpp">
      <Filter>nodes</Filter>
    </ClCompile>
    <ClCompile Include="dependencies\tinyobjloader\tiny_obj_loader.cc" />
  </ItemGroup>
  <ItemGroup>
    <ClInclude Include="rendererD3D11\effectsD3D11\Inc\d3dx11dbg.h">
      <Filter>rendererD3D11\D3D11Effects\Inc</Filter>
    </ClInclude>
    <ClInclude Include="rendererD3D11\effectsD3D11\Inc\d3dx11effect.h">
      <Filter>rendererD3D11\D3D11Effects\Inc</Filter>
    </ClInclude>
    <ClInclude Include="rendererD3D11\effectsD3D11\Inc\d3dxGlobal.h">
      <Filter>rendererD3D11\D3D11Effects\Inc</Filter>
    </ClInclude>
    <ClInclude Include="rendererD3D11\effectsD3D11\Binary\EffectBinaryFormat.h">
      <Filter>rendererD3D11\D3D11Effects\Binary</Filter>
    </ClInclude>
    <ClInclude Include="rendererD3D11\effectsD3D11\Binary\EffectStateBase11.h">
      <Filter>rendererD3D11\D3D11Effects\Binary</Filter>
    </ClInclude>
    <ClInclude Include="rendererD3D11\effectsD3D11\Binary\EffectStates11.h">
      <Filter>rendererD3D11\D3D11Effects\Binary</Filter>
    </ClInclude>
    <ClInclude Include="rendererD3D11\effectsD3D11\Binary\SOParser.h">
      <Filter>rendererD3D11\D3D11Effects\Binary</Filter>
    </ClInclude>
    <ClInclude Include="rendererD3D11\effectsD3D11\Effect.h">
      <Filter>rendererD3D11\D3D11Effects</Filter>
    </ClInclude>
    <ClInclude Include="rendererD3D11\effectsD3D11\EffectLoad.h">
      <Filter>rendererD3D11\D3D11Effects</Filter>
    </ClInclude>
    <ClInclude Include="rendererD3D11\effectsD3D11\pchfx.h">
      <Filter>rendererD3D11\D3D11Effects</Filter>
    </ClInclude>
    <ClInclude Include="dependencies\pugixml\src\pugiconfig.hpp">
      <Filter>pugixml</Filter>
    </ClInclude>
    <ClInclude Include="dependencies\pugixml\src\pugixml.hpp">
      <Filter>pugixml</Filter>
    </ClInclude>
    <ClInclude Include="resources\resource.h" />
    <ClInclude Include="dependencies\MurmerHash\MurmurHash.h">
      <Filter>murmerhash</Filter>
    </ClInclude>
    <ClInclude Include="application\IblApplication.h">
      <Filter>application</Filter>
    </ClInclude>
    <ClInclude Include="application\IblApplicationHUD.h">
      <Filter>application</Filter>
    </ClInclude>
    <ClInclude Include="application\IblHash.h">
      <Filter>application</Filter>
    </ClInclude>
    <ClInclude Include="application\IblLog.h">
      <Filter>application</Filter>
    </ClInclude>
    <ClInclude Include="application\IblMath.h">
      <Filter>application</Filter>
    </ClInclude>
    <ClInclude Include="application\IblNonCopyable.h">
      <Filter>application</Filter>
    </ClInclude>
    <ClInclude Include="application\IblPlatform.h">
      <Filter>application</Filter>
    </ClInclude>
    <ClInclude Include="application\IblTimer.h">
      <Filter>application</Filter>
    </ClInclude>
    <ClInclude Include="application\IblTitles.h">
      <Filter>application</Filter>
    </ClInclude>
    <ClInclude Include="application\IblWindow.h">
      <Filter>application</Filter>
    </ClInclude>
    <ClInclude Include="codecs\IblBitwise.h">
      <Filter>codecs</Filter>
    </ClInclude>
    <ClInclude Include="codecs\IblCodec.h">
      <Filter>codecs</Filter>
    </ClInclude>
    <ClInclude Include="codecs\IblColorValue.h">
      <Filter>codecs</Filter>
    </ClInclude>
    <ClInclude Include="codecs\IblDataStream.h">
      <Filter>codecs</Filter>
    </ClInclude>
    <ClInclude Include="codecs\IblDDSCodec.h">
      <Filter>codecs</Filter>
    </ClInclude>
    <ClInclude Include="codecs\IblFreeImageCodec.h">
      <Filter>codecs</Filter>
    </ClInclude>
    <ClInclude Include="codecs\IblImageCodec.h">
      <Filter>codecs</Filter>
    </ClInclude>
    <ClInclude Include="codecs\IblIteratorRange.h">
      <Filter>codecs</Filter>
    </ClInclude>
    <ClInclude Include="codecs\IblIteratorWrapper.h">
      <Filter>codecs</Filter>
    </ClInclude>
    <ClInclude Include="codecs\IblPixelConversions.h">
      <Filter>codecs</Filter>
    </ClInclude>
    <ClInclude Include="codecs\IblPixelFormat.h">
      <Filter>codecs</Filter>
    </ClInclude>
    <ClInclude Include="codecs\IblStringUtilities.h">
      <Filter>codecs</Filter>
    </ClInclude>
    <ClInclude Include="codecs\IblTextureImage.h">
      <Filter>codecs</Filter>
    </ClInclude>
    <ClInclude Include="input\IblCameraManager.h">
      <Filter>input</Filter>
    </ClInclude>
    <ClInclude Include="input\IblDampenedInput.h">
      <Filter>input</Filter>
    </ClInclude>
    <ClInclude Include="input\IblFocusedInput.h">
      <Filter>input</Filter>
    </ClInclude>
    <ClInclude Include="input\IblFocusedMovement.h">
      <Filter>input</Filter>
    </ClInclude>
    <ClInclude Include="input\IblInput.h">
      <Filter>input</Filter>
    </ClInclude>
    <ClInclude Include="input\IblInputManager.h">
      <Filter>input</Filter>
    </ClInclude>
    <ClInclude Include="input\IblInputState.h">
      <Filter>input</Filter>
    </ClInclude>
    <ClInclude Include="input\IblX360Controller.h">
      <Filter>input</Filter>
    </ClInclude>
    <ClInclude Include="math\IblColor.h">
      <Filter>math</Filter>
    </ClInclude>
    <ClInclude Include="math\IblLimits.h">
      <Filter>math</Filter>
    </ClInclude>
    <ClInclude Include="math\IblMatrix44.h">
      <Filter>math</Filter>
    </ClInclude>
    <ClInclude Include="math\IblMatrixAlgo.h">
      <Filter>math</Filter>
    </ClInclude>
    <ClInclude Include="math\IblQuaternion.h">
      <Filter>math</Filter>
    </ClInclude>
    <ClInclude Include="math\IblRegion.h">
      <Filter>math</Filter>
    </ClInclude>
    <ClInclude Include="math\IblVector2.h">
      <Filter>math</Filter>
    </ClInclude>
    <ClInclude Include="math\IblVector3.h">
      <Filter>math</Filter>
    </ClInclude>
    <ClInclude Include="math\IblVector4.h">
      <Filter>math</Filter>
    </ClInclude>
    <ClInclude Include="nodes\IblCamera.h">
      <Filter>nodes</Filter>
    </ClInclude>
    <ClInclude Include="nodes\IblEntity.h">
      <Filter>nodes</Filter>
    </ClInclude>
    <ClInclude Include="nodes\IblIndexedMesh.h">
      <Filter>nodes</Filter>
    </ClInclude>
    <ClInclude Include="nodes\IblMesh.h">
      <Filter>nodes</Filter>
    </ClInclude>
    <ClInclude Include="nodes\IblNode.h">
      <Filter>nodes</Filter>
    </ClInclude>
    <ClInclude Include="nodes\IblProjectionProperty.h">
      <Filter>nodes</Filter>
    </ClInclude>
    <ClInclude Include="nodes\IblProperty.h">
      <Filter>nodes</Filter>
    </ClInclude>
    <ClInclude Include="nodes\IblRenderNode.h">
      <Filter>nodes</Filter>
    </ClInclude>
    <ClInclude Include="nodes\IblRenderTargetQuad.h">
      <Filter>nodes</Filter>
    </ClInclude>
    <ClInclude Include="nodes\IblRenderTextureProperty.h">
      <Filter>nodes</Filter>
    </ClInclude>
    <ClInclude Include="nodes\IblScene.h">
      <Filter>nodes</Filter>
    </ClInclude>
    <ClInclude Include="nodes\IblStreamedMesh.h">
      <Filter>nodes</Filter>
    </ClInclude>
    <ClInclude Include="nodes\IblTransformNode.h">
      <Filter>nodes</Filter>
    </ClInclude>
    <ClInclude Include="nodes\IblTransformProperty.h">
      <Filter>nodes</Filter>
    </ClInclude>
    <ClInclude Include="nodes\IblTypedProperty.h">
      <Filter>nodes</Filter>
    </ClInclude>
    <ClInclude Include="nodes\IblViewportProperty.h">
      <Filter>nodes</Filter>
    </ClInclude>
    <ClInclude Include="nodes\IblViewProperty.h">
      <Filter>nodes</Filter>
    </ClInclude>
    <ClInclude Include="renderAPI\IblAssetManager.h">
      <Filter>render api</Filter>
    </ClInclude>
    <ClInclude Include="renderAPI\IblColorPass.h">
      <Filter>render api</Filter>
    </ClInclude>
    <ClInclude Include="renderAPI\IblColorResolve.h">
      <Filter>render api</Filter>
    </ClInclude>
    <ClInclude Include="renderAPI\IblDepthResolve.h">
      <Filter>render api</Filter>
    </ClInclude>
    <ClInclude Include="renderAPI\IblFileChangeWatcher.h">
      <Filter>render api</Filter>
    </ClInclude>
    <ClInclude Include="renderAPI\IblFilterCubemap.h">
      <Filter>render api</Filter>
    </ClInclude>
    <ClInclude Include="renderAPI\IblFrameBuffer.h">
      <Filter>render api</Filter>
    </ClInclude>
    <ClInclude Include="renderAPI\IblGpuConstantBuffer.h">
      <Filter>render api</Filter>
    </ClInclude>
    <ClInclude Include="renderAPI\IblGpuTechnique.h">
      <Filter>render api</Filter>
    </ClInclude>
    <ClInclude Include="renderAPI\IblGpuVariable.h">
      <Filter>render api</Filter>
    </ClInclude>
    <ClInclude Include="renderAPI\IblHDRPresentationPolicy.h">
      <Filter>render api</Filter>
    </ClInclude>
    <ClInclude Include="renderAPI\IblIBLProbe.h">
      <Filter>render api</Filter>
    </ClInclude>
    <ClInclude Include="renderAPI\IblIBLRenderPass.h">
      <Filter>render api</Filter>
    </ClInclude>
    <ClInclude Include="renderAPI\IblIComputeShader.h">
      <Filter>render api</Filter>
    </ClInclude>
    <ClInclude Include="renderAPI\IblIDepthSurface.h">
      <Filter>render api</Filter>
    </ClInclude>
    <ClInclude Include="renderAPI\IblIDevice.h">
      <Filter>render api</Filter>
    </ClInclude>
    <ClInclude Include="renderAPI\IblIEffect.h">
      <Filter>render api</Filter>
    </ClInclude>
    <ClInclude Include="renderAPI\IblIGpuBuffer.h">
      <Filter>render api</Filter>
    </ClInclude>
    <ClInclude Include="renderAPI\IblIIndexBuffer.h">
      <Filter>render api</Filter>
    </ClInclude>
    <ClInclude Include="renderAPI\IblIRenderResource.h">
      <Filter>render api</Filter>
    </ClInclude>
    <ClInclude Include="renderAPI\IblIRenderResourceParameters.h">
      <Filter>render api</Filter>
    </ClInclude>
    <ClInclude Include="renderAPI\IblIShader.h">
      <Filter>render api</Filter>
    </ClInclude>
    <ClInclude Include="renderAPI\IblISurface.h">
      <Filter>render api</Filter>
    </ClInclude>
    <ClInclude Include="renderAPI\IblITexture.h">
      <Filter>render api</Filter>
    </ClInclude>
    <ClInclude Include="renderAPI\IblIVertexBuffer.h">
      <Filter>render api</Filter>
    </ClInclude>
    <ClInclude Include="renderAPI\IblIVertexDeclaration.h">
      <Filter>render api</Filter>
    </ClInclude>
    <ClInclude Include="renderAPI\IblMaterial.h">
      <Filter>render api</Filter>
    </ClInclude>
    <ClInclude Include="renderAPI\IblPostEffect.h">
      <Filter>render api</Filter>
    </ClInclude>
    <ClInclude Include="renderAPI\IblPostEffectsMgr.h">
      <Filter>render api</Filter>
    </ClInclude>
    <ClInclude Include="renderAPI\IblPresentationPolicy.h">
      <Filter>render api</Filter>
    </ClInclude>
    <ClInclude Include="renderAPI\IblRenderEnums.h">
      <Filter>render api</Filter>
    </ClInclude>
    <ClInclude Include="renderAPI\IblRenderPass.h">
      <Filter>render api</Filter>
    </ClInclude>
    <ClInclude Include="renderAPI\IblRenderRequest.h">
      <Filter>render api</Filter>
    </ClInclude>
    <ClInclude Include="renderAPI\IblScreenOrientedQuad.h">
      <Filter>render api</Filter>
    </ClInclude>
    <ClInclude Include="renderAPI\IblShaderMgr.h">
      <Filter>render api</Filter>
    </ClInclude>
    <ClInclude Include="renderAPI\IblShaderParameterValue.h">
      <Filter>render api</Filter>
    </ClInclude>
    <ClInclude Include="renderAPI\IblShaderParameterValueFactory.h">
      <Filter>render api</Filter>
    </ClInclude>
    <ClInclude Include="renderAPI\IblTextureMgr.h">
      <Filter>render api</Filter>
    </ClInclude>
    <ClInclude Include="renderAPI\IblVertexDeclarationMgr.h">
      <Filter>render api</Filter>
    </ClInclude>
    <ClInclude Include="renderAPI\IblVertexElement.h">
      <Filter>render api</Filter>
    </ClInclude>
    <ClInclude Include="renderAPI\IblVertexStream.h">
      <Filter>render api</Filter>
    </ClInclude>
    <ClInclude Include="renderAPI\IblViewport.h">
      <Filter>render api</Filter>
    </ClInclude>
    <ClInclude Include="rendererD3D11\IblBackbufferSurfaceD3D11.h">
      <Filter>rendererD3D11</Filter>
    </ClInclude>
    <ClInclude Include="rendererD3D11\IblBufferD3D11.h">
      <Filter>rendererD3D11</Filter>
    </ClInclude>
    <ClInclude Include="rendererD3D11\IblComputeShaderD3D11.h">
      <Filter>rendererD3D11</Filter>
    </ClInclude>
    <ClInclude Include="rendererD3D11\IblDepthSurfaceD3D11.h">
      <Filter>rendererD3D11</Filter>
    </ClInclude>
    <ClInclude Include="rendererD3D11\IblEffectD3D11.h">
      <Filter>rendererD3D11</Filter>
    </ClInclude>
    <ClInclude Include="rendererD3D11\IblFormatConversionD3D11.h">
      <Filter>rendererD3D11</Filter>
    </ClInclude>
    <ClInclude Include="rendererD3D11\IblGpuConstantBufferD3D11.h">
      <Filter>rendererD3D11</Filter>
    </ClInclude>
    <ClInclude Include="rendererD3D11\IblGpuTechniqueD3D11.h">
      <Filter>rendererD3D11</Filter>
    </ClInclude>
    <ClInclude Include="rendererD3D11\IblGpuVariableD3D11.h">
      <Filter>rendererD3D11</Filter>
    </ClInclude>
    <ClInclude Include="rendererD3D11\IblIndexBufferD3D11.h">
      <Filter>rendererD3D11</Filter>
    </ClInclude>
    <ClInclude Include="rendererD3D11\IblInputLayoutCacheD3D11.h">
      <Filter>rendererD3D11</Filter>
    </ClInclude>
    <ClInclude Include="rendererD3D11\IblRenderDeviceD3D11.h">
      <Filter>rendererD3D11</Filter>
    </ClInclude>
    <ClInclude Include="rendererD3D11\IblRenderTargetTextureD3D11.h">
      <Filter>rendererD3D11</Filter>
    </ClInclude>
    <ClInclude Include="rendererD3D11\IblRenderWindow.h">
      <Filter>rendererD3D11</Filter>
    </ClInclude>
    <ClInclude Include="rendererD3D11\IblRenderWindowD3D11.h">
      <Filter>rendererD3D11</Filter>
    </ClInclude>
    <ClInclude Include="rendererD3D11\IblShaderD3D11.h">
      <Filter>rendererD3D11</Filter>
    </ClInclude>
    <ClInclude Include="rendererD3D11\IblSurfaceD3D11.h">
      <Filter>rendererD3D11</Filter>
    </ClInclude>
    <ClInclude Include="rendererD3D11\IblTexture2DD3D11.h">
      <Filter>rendererD3D11</Filter>
    </ClInclude>
    <ClInclude Include="rendererD3D11\IblTextureD3D11.h">
      <Filter>rendererD3D11</Filter>
    </ClInclude>
    <ClInclude Include="rendererD3D11\IblVertexBufferD3D11.h">
      <Filter>rendererD3D11</Filter>
    </ClInclude>
    <ClInclude Include="rendererD3D11\IblVertexDeclarationD3D11.h">
      <Filter>rendererD3D11</Filter>
    </ClInclude>
    <ClInclude Include="ui\IblButton.h">
      <Filter>ui</Filter>
    </ClInclude>
    <ClInclude Include="ui\IblCheckBox.h">
      <Filter>ui</Filter>
    </ClInclude>
    <ClInclude Include="ui\IblComboBox.h">
      <Filter>ui</Filter>
    </ClInclude>
    <ClInclude Include="ui\IblControl.h">
      <Filter>ui</Filter>
    </ClInclude>
    <ClInclude Include="ui\IblDialogBase.h">
      <Filter>ui</Filter>
    </ClInclude>
    <ClInclude Include="ui\IblDialogResourceManager.h">
      <Filter>ui</Filter>
    </ClInclude>
    <ClInclude Include="ui\IblDynamicRenderer.h">
      <Filter>ui</Filter>
    </ClInclude>
    <ClInclude Include="ui\IblEditBox.h">
      <Filter>ui</Filter>
    </ClInclude>
    <ClInclude Include="ui\IblFont.h">
      <Filter>ui</Filter>
    </ClInclude>
    <ClInclude Include="ui\IblFontMgr.h">
      <Filter>ui</Filter>
    </ClInclude>
    <ClInclude Include="ui\IblImageWidget.h">
      <Filter>ui</Filter>
    </ClInclude>
    <ClInclude Include="ui\IblListBox.h">
      <Filter>ui</Filter>
    </ClInclude>
    <ClInclude Include="ui\IblRadioButton.h">
      <Filter>ui</Filter>
    </ClInclude>
    <ClInclude Include="ui\IblRenderHUD.h">
      <Filter>ui</Filter>
    </ClInclude>
    <ClInclude Include="ui\IblScrollBar.h">
      <Filter>ui</Filter>
    </ClInclude>
    <ClInclude Include="ui\IblSlider.h">
      <Filter>ui</Filter>
    </ClInclude>
    <ClInclude Include="ui\IblSprite.h">
      <Filter>ui</Filter>
    </ClInclude>
    <ClInclude Include="ui\IblStatic.h">
      <Filter>ui</Filter>
    </ClInclude>
    <ClInclude Include="ui\IblWidgetAPI.h">
      <Filter>ui</Filter>
    </ClInclude>
    <ClInclude Include="ui\IblWidgetDialog.h">
      <Filter>ui</Filter>
    </ClInclude>
    <ClInclude Include="ui\IblWidgetTypes.h">
      <Filter>ui</Filter>
    </ClInclude>
    <ClInclude Include="ui\IblWidgetUIElement.h">
      <Filter>ui</Filter>
    </ClInclude>
    <ClInclude Include="nodes\IblBrdf.h">
      <Filter>nodes</Filter>
    </ClInclude>
    <ClInclude Include="dependencies\tinyobjloader\tiny_obj_loader.h" />
  </ItemGroup>
  <ItemGroup>
    <None Include="rendererD3D11\effectsD3D11\EffectVariable.inl">
      <Filter>rendererD3D11\D3D11Effects</Filter>
    </None>
    <None Include="resources\small.ico" />
    <None Include="resources\windowIcon.ico" />
    <None Include="..\LICENSE" />
    <None Include="..\README.md" />
  </ItemGroup>
  <ItemGroup>
    <Resource Include="resources\IBLBaker.res" />
  </ItemGroup>
  <ItemGroup>
    <ResourceCompile Include="resources\IBLBaker.rc" />
  </ItemGroup>
</Project>